// !$*UTF8*$!
{
	archiveVersion = 1;
	classes = {
	};
	objectVersion = 46;
	objects = {

/* Begin PBXBuildFile section */
		30CB9921C1EED13087A5EC04 /* Pods_SocialApp.framework in Frameworks */ = {isa = PBXBuildFile; fileRef = 225B82DFBD337780216304D4 /* Pods_SocialApp.framework */; };
		C306B75F1E63D542009ADE9C /* AppDelegate.swift in Sources */ = {isa = PBXBuildFile; fileRef = C306B75E1E63D542009ADE9C /* AppDelegate.swift */; };
		C306B7611E63D542009ADE9C /* SignInVC.swift in Sources */ = {isa = PBXBuildFile; fileRef = C306B7601E63D542009ADE9C /* SignInVC.swift */; };
		C306B7641E63D542009ADE9C /* Main.storyboard in Resources */ = {isa = PBXBuildFile; fileRef = C306B7621E63D542009ADE9C /* Main.storyboard */; };
		C306B7661E63D542009ADE9C /* Assets.xcassets in Resources */ = {isa = PBXBuildFile; fileRef = C306B7651E63D542009ADE9C /* Assets.xcassets */; };
		C306B7691E63D542009ADE9C /* LaunchScreen.storyboard in Resources */ = {isa = PBXBuildFile; fileRef = C306B7671E63D542009ADE9C /* LaunchScreen.storyboard */; };
		C306B7711E63D587009ADE9C /* GoogleService-Info.plist in Resources */ = {isa = PBXBuildFile; fileRef = C306B7701E63D587009ADE9C /* GoogleService-Info.plist */; };
/* End PBXBuildFile section */

/* Begin PBXFileReference section */
		225B82DFBD337780216304D4 /* Pods_SocialApp.framework */ = {isa = PBXFileReference; explicitFileType = wrapper.framework; includeInIndex = 0; path = Pods_SocialApp.framework; sourceTree = BUILT_PRODUCTS_DIR; };
		3511DF7899274809F7AF3283 /* Pods-SocialApp.debug.xcconfig */ = {isa = PBXFileReference; includeInIndex = 1; lastKnownFileType = text.xcconfig; name = "Pods-SocialApp.debug.xcconfig"; path = "Pods/Target Support Files/Pods-SocialApp/Pods-SocialApp.debug.xcconfig"; sourceTree = "<group>"; };
		35D1EE1D3FC1BFBDAC98DD30 /* Pods-SocialApp.release.xcconfig */ = {isa = PBXFileReference; includeInIndex = 1; lastKnownFileType = text.xcconfig; name = "Pods-SocialApp.release.xcconfig"; path = "Pods/Target Support Files/Pods-SocialApp/Pods-SocialApp.release.xcconfig"; sourceTree = "<group>"; };
		C306B75B1E63D542009ADE9C /* SocialApp.app */ = {isa = PBXFileReference; explicitFileType = wrapper.application; includeInIndex = 0; path = SocialApp.app; sourceTree = BUILT_PRODUCTS_DIR; };
		C306B75E1E63D542009ADE9C /* AppDelegate.swift */ = {isa = PBXFileReference; lastKnownFileType = sourcecode.swift; path = AppDelegate.swift; sourceTree = "<group>"; };
		C306B7601E63D542009ADE9C /* SignInVC.swift */ = {isa = PBXFileReference; lastKnownFileType = sourcecode.swift; path = SignInVC.swift; sourceTree = "<group>"; };
		C306B7631E63D542009ADE9C /* Base */ = {isa = PBXFileReference; lastKnownFileType = file.storyboard; name = Base; path = Base.lproj/Main.storyboard; sourceTree = "<group>"; };
		C306B7651E63D542009ADE9C /* Assets.xcassets */ = {isa = PBXFileReference; lastKnownFileType = folder.assetcatalog; path = Assets.xcassets; sourceTree = "<group>"; };
		C306B7681E63D542009ADE9C /* Base */ = {isa = PBXFileReference; lastKnownFileType = file.storyboard; name = Base; path = Base.lproj/LaunchScreen.storyboard; sourceTree = "<group>"; };
		C306B76A1E63D542009ADE9C /* Info.plist */ = {isa = PBXFileReference; lastKnownFileType = text.plist.xml; path = Info.plist; sourceTree = "<group>"; };
		C306B7701E63D587009ADE9C /* GoogleService-Info.plist */ = {isa = PBXFileReference; fileEncoding = 4; lastKnownFileType = text.plist.xml; path = "GoogleService-Info.plist"; sourceTree = "<group>"; };
/* End PBXFileReference section */

/* Begin PBXFrameworksBuildPhase section */
		C306B7581E63D541009ADE9C /* Frameworks */ = {
			isa = PBXFrameworksBuildPhase;
			buildActionMask = 2147483647;
			files = (
				30CB9921C1EED13087A5EC04 /* Pods_SocialApp.framework in Frameworks */,
			);
			runOnlyForDeploymentPostprocessing = 0;
		};
/* End PBXFrameworksBuildPhase section */

/* Begin PBXGroup section */
		5C9A2848BFF86FC31E87C9CF /* Pods */ = {
			isa = PBXGroup;
			children = (
				3511DF7899274809F7AF3283 /* Pods-SocialApp.debug.xcconfig */,
				35D1EE1D3FC1BFBDAC98DD30 /* Pods-SocialApp.release.xcconfig */,
			);
			name = Pods;
			sourceTree = "<group>";
		};
		C306B7521E63D541009ADE9C = {
			isa = PBXGroup;
			children = (
				C306B75D1E63D542009ADE9C /* SocialApp */,
				C306B75C1E63D542009ADE9C /* Products */,
				5C9A2848BFF86FC31E87C9CF /* Pods */,
				D0F7D74ADAB2851FD02F7929 /* Frameworks */,
			);
			sourceTree = "<group>";
		};
		C306B75C1E63D542009ADE9C /* Products */ = {
			isa = PBXGroup;
			children = (
				C306B75B1E63D542009ADE9C /* SocialApp.app */,
			);
			name = Products;
			sourceTree = "<group>";
		};
		C306B75D1E63D542009ADE9C /* SocialApp */ = {
			isa = PBXGroup;
			children = (
				C3A9E9751E63D76B0040739D /* Model */,
				C3A9E9741E63D7650040739D /* View */,
				C3A9E9731E63D75C0040739D /* Controller */,
				C306B7701E63D587009ADE9C /* GoogleService-Info.plist */,
				C306B75E1E63D542009ADE9C /* AppDelegate.swift */,
				C306B7621E63D542009ADE9C /* Main.storyboard */,
				C306B7651E63D542009ADE9C /* Assets.xcassets */,
				C306B7671E63D542009ADE9C /* LaunchScreen.storyboard */,
				C306B76A1E63D542009ADE9C /* Info.plist */,
			);
			path = SocialApp;
			sourceTree = "<group>";
		};
		C3A9E9731E63D75C0040739D /* Controller */ = {
			isa = PBXGroup;
			children = (
				C306B7601E63D542009ADE9C /* SignInVC.swift */,
			);
			name = Controller;
			sourceTree = "<group>";
		};
		C3A9E9741E63D7650040739D /* View */ = {
			isa = PBXGroup;
			children = (
			);
			name = View;
			sourceTree = "<group>";
		};
		C3A9E9751E63D76B0040739D /* Model */ = {
			isa = PBXGroup;
			children = (
			);
			name = Model;
			sourceTree = "<group>";
		};
		D0F7D74ADAB2851FD02F7929 /* Frameworks */ = {
			isa = PBXGroup;
			children = (
				225B82DFBD337780216304D4 /* Pods_SocialApp.framework */,
			);
			name = Frameworks;
			sourceTree = "<group>";
		};
/* End PBXGroup section */

/* Begin PBXNativeTarget section */
		C306B75A1E63D541009ADE9C /* SocialApp */ = {
			isa = PBXNativeTarget;
			buildConfigurationList = C306B76D1E63D542009ADE9C /* Build configuration list for PBXNativeTarget "SocialApp" */;
			buildPhases = (
				F58658AC44F3F28440F6CF7D /* [CP] Check Pods Manifest.lock */,
				C306B7571E63D541009ADE9C /* Sources */,
				C306B7581E63D541009ADE9C /* Frameworks */,
				C306B7591E63D541009ADE9C /* Resources */,
				86559E517EA10D62F3C2075F /* [CP] Embed Pods Frameworks */,
				8DC61E1B5A6D5D044695A2FF /* [CP] Copy Pods Resources */,
			);
			buildRules = (
			);
			dependencies = (
			);
			name = SocialApp;
			productName = SocialApp;
			productReference = C306B75B1E63D542009ADE9C /* SocialApp.app */;
			productType = "com.apple.product-type.application";
		};
/* End PBXNativeTarget section */

/* Begin PBXProject section */
		C306B7531E63D541009ADE9C /* Project object */ = {
			isa = PBXProject;
			attributes = {
				LastSwiftUpdateCheck = 0820;
				LastUpgradeCheck = 0820;
				ORGANIZATIONNAME = "Hamit Burak Emre";
				TargetAttributes = {
					C306B75A1E63D541009ADE9C = {
						CreatedOnToolsVersion = 8.2.1;
						DevelopmentTeam = 86S7ZHS4N7;
						ProvisioningStyle = Automatic;
					};
				};
			};
			buildConfigurationList = C306B7561E63D541009ADE9C /* Build configuration list for PBXProject "SocialApp" */;
			compatibilityVersion = "Xcode 3.2";
			developmentRegion = English;
			hasScannedForEncodings = 0;
			knownRegions = (
				en,
				Base,
			);
			mainGroup = C306B7521E63D541009ADE9C;
			productRefGroup = C306B75C1E63D542009ADE9C /* Products */;
			projectDirPath = "";
			projectRoot = "";
			targets = (
				C306B75A1E63D541009ADE9C /* SocialApp */,
			);
		};
/* End PBXProject section */

/* Begin PBXResourcesBuildPhase section */
		C306B7591E63D541009ADE9C /* Resources */ = {
			isa = PBXResourcesBuildPhase;
			buildActionMask = 2147483647;
			files = (
				C306B7691E63D542009ADE9C /* LaunchScreen.storyboard in Resources */,
				C306B7711E63D587009ADE9C /* GoogleService-Info.plist in Resources */,
				C306B7661E63D542009ADE9C /* Assets.xcassets in Resources */,
				C306B7641E63D542009ADE9C /* Main.storyboard in Resources */,
			);
			runOnlyForDeploymentPostprocessing = 0;
		};
/* End PBXResourcesBuildPhase section */

/* Begin PBXShellScriptBuildPhase section */
		86559E517EA10D62F3C2075F /* [CP] Embed Pods Frameworks */ = {
			isa = PBXShellScriptBuildPhase;
			buildActionMask = 2147483647;
			files = (
			);
			inputPaths = (
			);
			name = "[CP] Embed Pods Frameworks";
			outputPaths = (
			);
			runOnlyForDeploymentPostprocessing = 0;
			shellPath = /bin/sh;
			shellScript = "\"${SRCROOT}/Pods/Target Support Files/Pods-SocialApp/Pods-SocialApp-frameworks.sh\"\n";
			showEnvVarsInLog = 0;
		};
		8DC61E1B5A6D5D044695A2FF /* [CP] Copy Pods Resources */ = {
			isa = PBXShellScriptBuildPhase;
			buildActionMask = 2147483647;
			files = (
			);
			inputPaths = (
			);
			name = "[CP] Copy Pods Resources";
			outputPaths = (
			);
			runOnlyForDeploymentPostprocessing = 0;
			shellPath = /bin/sh;
			shellScript = "\"${SRCROOT}/Pods/Target Support Files/Pods-SocialApp/Pods-SocialApp-resources.sh\"\n";
			showEnvVarsInLog = 0;
		};
		F58658AC44F3F28440F6CF7D /* [CP] Check Pods Manifest.lock */ = {
			isa = PBXShellScriptBuildPhase;
			buildActionMask = 2147483647;
			files = (
			);
			inputPaths = (
			);
			name = "[CP] Check Pods Manifest.lock";
			outputPaths = (
			);
			runOnlyForDeploymentPostprocessing = 0;
			shellPath = /bin/sh;
			shellScript = "diff \"${PODS_ROOT}/../Podfile.lock\" \"${PODS_ROOT}/Manifest.lock\" > /dev/null\nif [ $? != 0 ] ; then\n    # print error to STDERR\n    echo \"error: The sandbox is not in sync with the Podfile.lock. Run 'pod install' or update your CocoaPods installation.\" >&2\n    exit 1\nfi\n";
			showEnvVarsInLog = 0;
		};
/* End PBXShellScriptBuildPhase section */

/* Begin PBXSourcesBuildPhase section */
		C306B7571E63D541009ADE9C /* Sources */ = {
			isa = PBXSourcesBuildPhase;
			buildActionMask = 2147483647;
			files = (
				C306B7611E63D542009ADE9C /* SignInVC.swift in Sources */,
				C306B75F1E63D542009ADE9C /* AppDelegate.swift in Sources */,
			);
			runOnlyForDeploymentPostprocessing = 0;
		};
/* End PBXSourcesBuildPhase section */

/* Begin PBXVariantGroup section */
		C306B7621E63D542009ADE9C /* Main.storyboard */ = {
			isa = PBXVariantGroup;
			children = (
				C306B7631E63D542009ADE9C /* Base */,
			);
			name = Main.storyboard;
			sourceTree = "<group>";
		};
		C306B7671E63D542009ADE9C /* LaunchScreen.storyboard */ = {
			isa = PBXVariantGroup;
			children = (
				C306B7681E63D542009ADE9C /* Base */,
			);
			name = LaunchScreen.storyboard;
			sourceTree = "<group>";
		};
/* End PBXVariantGroup section */

/* Begin XCBuildConfiguration section */
		C306B76B1E63D542009ADE9C /* Debug */ = {
			isa = XCBuildConfiguration;
			buildSettings = {
				ALWAYS_SEARCH_USER_PATHS = NO;
				CLANG_ANALYZER_NONNULL = YES;
				CLANG_CXX_LANGUAGE_STANDARD = "gnu++0x";
				CLANG_CXX_LIBRARY = "libc++";
				CLANG_ENABLE_MODULES = YES;
				CLANG_ENABLE_OBJC_ARC = YES;
				CLANG_WARN_BOOL_CONVERSION = YES;
				CLANG_WARN_CONSTANT_CONVERSION = YES;
				CLANG_WARN_DIRECT_OBJC_ISA_USAGE = YES_ERROR;
				CLANG_WARN_DOCUMENTATION_COMMENTS = YES;
				CLANG_WARN_EMPTY_BODY = YES;
				CLANG_WARN_ENUM_CONVERSION = YES;
				CLANG_WARN_INFINITE_RECURSION = YES;
				CLANG_WARN_INT_CONVERSION = YES;
				CLANG_WARN_OBJC_ROOT_CLASS = YES_ERROR;
				CLANG_WARN_SUSPICIOUS_MOVE = YES;
				CLANG_WARN_UNREACHABLE_CODE = YES;
				CLANG_WARN__DUPLICATE_METHOD_MATCH = YES;
				"CODE_SIGN_IDENTITY[sdk=iphoneos*]" = "iPhone Developer";
				COPY_PHASE_STRIP = NO;
				DEBUG_INFORMATION_FORMAT = dwarf;
				ENABLE_STRICT_OBJC_MSGSEND = YES;
				ENABLE_TESTABILITY = YES;
				GCC_C_LANGUAGE_STANDARD = gnu99;
				GCC_DYNAMIC_NO_PIC = NO;
				GCC_NO_COMMON_BLOCKS = YES;
				GCC_OPTIMIZATION_LEVEL = 0;
				GCC_PREPROCESSOR_DEFINITIONS = (
					"DEBUG=1",
					"$(inherited)",
				);
				GCC_WARN_64_TO_32_BIT_CONVERSION = YES;
				GCC_WARN_ABOUT_RETURN_TYPE = YES_ERROR;
				GCC_WARN_UNDECLARED_SELECTOR = YES;
				GCC_WARN_UNINITIALIZED_AUTOS = YES_AGGRESSIVE;
				GCC_WARN_UNUSED_FUNCTION = YES;
				GCC_WARN_UNUSED_VARIABLE = YES;
				IPHONEOS_DEPLOYMENT_TARGET = 10.2;
				MTL_ENABLE_DEBUG_INFO = YES;
				ONLY_ACTIVE_ARCH = YES;
				SDKROOT = iphoneos;
				SWIFT_ACTIVE_COMPILATION_CONDITIONS = DEBUG;
				SWIFT_OPTIMIZATION_LEVEL = "-Onone";
			};
			name = Debug;
		};
		C306B76C1E63D542009ADE9C /* Release */ = {
			isa = XCBuildConfiguration;
			buildSettings = {
				ALWAYS_SEARCH_USER_PATHS = NO;
				CLANG_ANALYZER_NONNULL = YES;
				CLANG_CXX_LANGUAGE_STANDARD = "gnu++0x";
				CLANG_CXX_LIBRARY = "libc++";
				CLANG_ENABLE_MODULES = YES;
				CLANG_ENABLE_OBJC_ARC = YES;
				CLANG_WARN_BOOL_CONVERSION = YES;
				CLANG_WARN_CONSTANT_CONVERSION = YES;
				CLANG_WARN_DIRECT_OBJC_ISA_USAGE = YES_ERROR;
				CLANG_WARN_DOCUMENTATION_COMMENTS = YES;
				CLANG_WARN_EMPTY_BODY = YES;
				CLANG_WARN_ENUM_CONVERSION = YES;
				CLANG_WARN_INFINITE_RECURSION = YES;
				CLANG_WARN_INT_CONVERSION = YES;
				CLANG_WARN_OBJC_ROOT_CLASS = YES_ERROR;
				CLANG_WARN_SUSPICIOUS_MOVE = YES;
				CLANG_WARN_UNREACHABLE_CODE = YES;
				CLANG_WARN__DUPLICATE_METHOD_MATCH = YES;
				"CODE_SIGN_IDENTITY[sdk=iphoneos*]" = "iPhone Developer";
				COPY_PHASE_STRIP = NO;
				DEBUG_INFORMATION_FORMAT = "dwarf-with-dsym";
				ENABLE_NS_ASSERTIONS = NO;
				ENABLE_STRICT_OBJC_MSGSEND = YES;
				GCC_C_LANGUAGE_STANDARD = gnu99;
				GCC_NO_COMMON_BLOCKS = YES;
				GCC_WARN_64_TO_32_BIT_CONVERSION = YES;
				GCC_WARN_ABOUT_RETURN_TYPE = YES_ERROR;
				GCC_WARN_UNDECLARED_SELECTOR = YES;
				GCC_WARN_UNINITIALIZED_AUTOS = YES_AGGRESSIVE;
				GCC_WARN_UNUSED_FUNCTION = YES;
				GCC_WARN_UNUSED_VARIABLE = YES;
				IPHONEOS_DEPLOYMENT_TARGET = 10.2;
				MTL_ENABLE_DEBUG_INFO = NO;
				SDKROOT = iphoneos;
				SWIFT_OPTIMIZATION_LEVEL = "-Owholemodule";
				VALIDATE_PRODUCT = YES;
			};
			name = Release;
		};
		C306B76E1E63D542009ADE9C /* Debug */ = {
			isa = XCBuildConfiguration;
			baseConfigurationReference = 3511DF7899274809F7AF3283 /* Pods-SocialApp.debug.xcconfig */;
			buildSettings = {
				ASSETCATALOG_COMPILER_APPICON_NAME = AppIcon;
				DEVELOPMENT_TEAM = 86S7ZHS4N7;
				INFOPLIST_FILE = SocialApp/Info.plist;
				LD_RUNPATH_SEARCH_PATHS = "$(inherited) @executable_path/Frameworks";
				PRODUCT_BUNDLE_IDENTIFIER = com.hmtbrk.SocialApp;
				PRODUCT_NAME = "$(TARGET_NAME)";
				SWIFT_VERSION = 3.0;
			};
			name = Debug;
		};
		C306B76F1E63D542009ADE9C /* Release */ = {
			isa = XCBuildConfiguration;
			baseConfigurationReference = 35D1EE1D3FC1BFBDAC98DD30 /* Pods-SocialApp.release.xcconfig */;
			buildSettings = {
				ASSETCATALOG_COMPILER_APPICON_NAME = AppIcon;
				DEVELOPMENT_TEAM = 86S7ZHS4N7;
				INFOPLIST_FILE = SocialApp/Info.plist;
				LD_RUNPATH_SEARCH_PATHS = "$(inherited) @executable_path/Frameworks";
				PRODUCT_BUNDLE_IDENTIFIER = com.hmtbrk.SocialApp;
				PRODUCT_NAME = "$(TARGET_NAME)";
				SWIFT_VERSION = 3.0;
			};
			name = Release;
		};
/* End XCBuildConfiguration section */

/* Begin XCConfigurationList section */
		C306B7561E63D541009ADE9C /* Build configuration list for PBXProject "SocialApp" */ = {
			isa = XCConfigurationList;
			buildConfigurations = (
				C306B76B1E63D542009ADE9C /* Debug */,
				C306B76C1E63D542009ADE9C /* Release */,
			);
			defaultConfigurationIsVisible = 0;
			defaultConfigurationName = Release;
		};
		C306B76D1E63D542009ADE9C /* Build configuration list for PBXNativeTarget "SocialApp" */ = {
			isa = XCConfigurationList;
			buildConfigurations = (
				C306B76E1E63D542009ADE9C /* Debug */,
				C306B76F1E63D542009ADE9C /* Release */,
			);
			defaultConfigurationIsVisible = 0;
			defaultConfigurationName = Release;
		};
/* End XCConfigurationList section */
	};
	rootObject = C306B7531E63D541009ADE9C /* Project object */;
}
